
Microsoft Visual Studio Solution File, Format Version 12.00
# Visual Studio Version 17
VisualStudioVersion = 17.11.35312.102
MinimumVisualStudioVersion = 10.0.40219.1
Project("{FAE04EC0-301F-11D3-BF4B-00C04F79EFBC}") = "v-web-engine-desktop-app-net", "v-web-engine-desktop-app-net\v-web-engine-desktop-app-net.csproj", "{29AE1132-E8AE-4D9B-9DD3-225C3BCB0EC3}"
EndProject
Global
	GlobalSection(SolutionConfigurationPlatforms) = preSolution
		Debug|Any CPU = Debug|Any CPU
		Release|Any CPU = Release|Any CPU
	EndGlobalSection
	GlobalSection(ProjectConfigurationPlatforms) = postSolution
		{29AE1132-E8AE-4D9B-9DD3-225C3BCB0EC3}.Debug|Any CPU.ActiveCfg = Debug|Any CPU
		{29AE1132-E8AE-4D9B-9DD3-225C3BCB0EC3}.Debug|Any CPU.Build.0 = Debug|Any CPU
		{29AE1132-E8AE-4D9B-9DD3-225C3BCB0EC3}.Release|Any CPU.ActiveCfg = Release|Any CPU
		{29AE1132-E8AE-4D9B-9DD3-225C3BCB0EC3}.Release|Any CPU.Build.0 = Release|Any CPU
	EndGlobalSection
	GlobalSection(SolutionProperties) = preSolution
		HideSolutionNode = FALSE
	EndGlobalSection
	GlobalSection(ExtensibilityGlobals) = postSolution
		SolutionGuid = {1903BC55-B21E-46BA-9657-6653731B84AB}
	EndGlobalSection
EndGlobal
